
Microsoft Visual Studio Solution File, Format Version 12.00
# Visual Studio Version 17
VisualStudioVersion = 17.0.31903.59
MinimumVisualStudioVersion = 10.0.40219.1
Project("{2150E333-8FDC-42A3-9474-1A3956D46DE8}") = "src", "src", "{827E0CD3-B72D-47B6-A68D-7590B98EB39B}"
EndProject
Project("{FAE04EC0-301F-11D3-BF4B-00C04F79EFBC}") = "ttr.Core", "src\ttr.Core\ttr.Core.csproj", "{AC10B2F6-8B4F-4FBB-8F47-5C897139BC86}"
EndProject
Project("{FAE04EC0-301F-11D3-BF4B-00C04F79EFBC}") = "ttr.Ui", "src\ttr.Ui\ttr.Ui.csproj", "{ABE4D298-2875-4792-A90E-3C622638A3B6}"
EndProject
Project("{FAE04EC0-301F-11D3-BF4B-00C04F79EFBC}") = "ttr.Runners", "src\ttr.Runners\ttr.Runners.csproj", "{3651DDD2-551D-403C-A05E-E7F1DB329628}"
EndProject
Project("{FAE04EC0-301F-11D3-BF4B-00C04F79EFBC}") = "ttr.Build", "src\ttr.Build\ttr.Build.csproj", "{82E39C0F-D16A-4C7A-9710-F13136E03CA3}"
EndProject
Project("{FAE04EC0-301F-11D3-BF4B-00C04F79EFBC}") = "TtrParser", "src\TtrParser\TtrParser.csproj", "{8EED6076-BF4B-4E79-BCF8-A10B32995112}"
EndProject
Project("{FAE04EC0-301F-11D3-BF4B-00C04F79EFBC}") = "ttr.Cli", "src\ttr.Cli\ttr.Cli.csproj", "{DE73940E-16F3-4EDF-AE02-C28938BBBC09}"
EndProject
Project("{2150E333-8FDC-42A3-9474-1A3956D46DE8}") = "tests", "tests", "{0AB3BF05-4346-4AA6-1389-037BE0695223}"
EndProject
Project("{FAE04EC0-301F-11D3-BF4B-00C04F79EFBC}") = "ttr.Tests", "tests\ttr.Tests\ttr.Tests.csproj", "{096CD0E7-CA4E-485E-BE6F-77F1DBE14614}"
EndProject
Global
	GlobalSection(SolutionConfigurationPlatforms) = preSolution
		Debug|Any CPU = Debug|Any CPU
		Debug|x64 = Debug|x64
		Debug|x86 = Debug|x86
		Release|Any CPU = Release|Any CPU
		Release|x64 = Release|x64
		Release|x86 = Release|x86
	EndGlobalSection
	GlobalSection(ProjectConfigurationPlatforms) = postSolution
		{AC10B2F6-8B4F-4FBB-8F47-5C897139BC86}.Debug|Any CPU.ActiveCfg = Debug|Any CPU
		{AC10B2F6-8B4F-4FBB-8F47-5C897139BC86}.Debug|Any CPU.Build.0 = Debug|Any CPU
		{AC10B2F6-8B4F-4FBB-8F47-5C897139BC86}.Debug|x64.ActiveCfg = Debug|Any CPU
		{AC10B2F6-8B4F-4FBB-8F47-5C897139BC86}.Debug|x64.Build.0 = Debug|Any CPU
		{AC10B2F6-8B4F-4FBB-8F47-5C897139BC86}.Debug|x86.ActiveCfg = Debug|Any CPU
		{AC10B2F6-8B4F-4FBB-8F47-5C897139BC86}.Debug|x86.Build.0 = Debug|Any CPU
		{AC10B2F6-8B4F-4FBB-8F47-5C897139BC86}.Release|Any CPU.ActiveCfg = Release|Any CPU
		{AC10B2F6-8B4F-4FBB-8F47-5C897139BC86}.Release|Any CPU.Build.0 = Release|Any CPU
		{AC10B2F6-8B4F-4FBB-8F47-5C897139BC86}.Release|x64.ActiveCfg = Release|Any CPU
		{AC10B2F6-8B4F-4FBB-8F47-5C897139BC86}.Release|x64.Build.0 = Release|Any CPU
		{AC10B2F6-8B4F-4FBB-8F47-5C897139BC86}.Release|x86.ActiveCfg = Release|Any CPU
		{AC10B2F6-8B4F-4FBB-8F47-5C897139BC86}.Release|x86.Build.0 = Release|Any CPU
		{ABE4D298-2875-4792-A90E-3C622638A3B6}.Debug|Any CPU.ActiveCfg = Debug|Any CPU
		{ABE4D298-2875-4792-A90E-3C622638A3B6}.Debug|Any CPU.Build.0 = Debug|Any CPU
		{ABE4D298-2875-4792-A90E-3C622638A3B6}.Debug|x64.ActiveCfg = Debug|Any CPU
		{ABE4D298-2875-4792-A90E-3C622638A3B6}.Debug|x64.Build.0 = Debug|Any CPU
		{ABE4D298-2875-4792-A90E-3C622638A3B6}.Debug|x86.ActiveCfg = Debug|Any CPU
		{ABE4D298-2875-4792-A90E-3C622638A3B6}.Debug|x86.Build.0 = Debug|Any CPU
		{ABE4D298-2875-4792-A90E-3C622638A3B6}.Release|Any CPU.ActiveCfg = Release|Any CPU
		{ABE4D298-2875-4792-A90E-3C622638A3B6}.Release|Any CPU.Build.0 = Release|Any CPU
		{ABE4D298-2875-4792-A90E-3C622638A3B6}.Release|x64.ActiveCfg = Release|Any CPU
		{ABE4D298-2875-4792-A90E-3C622638A3B6}.Release|x64.Build.0 = Release|Any CPU
		{ABE4D298-2875-4792-A90E-3C622638A3B6}.Release|x86.ActiveCfg = Release|Any CPU
		{ABE4D298-2875-4792-A90E-3C622638A3B6}.Release|x86.Build.0 = Release|Any CPU
		{3651DDD2-551D-403C-A05E-E7F1DB329628}.Debug|Any CPU.ActiveCfg = Debug|Any CPU
		{3651DDD2-551D-403C-A05E-E7F1DB329628}.Debug|Any CPU.Build.0 = Debug|Any CPU
		{3651DDD2-551D-403C-A05E-E7F1DB329628}.Debug|x64.ActiveCfg = Debug|Any CPU
		{3651DDD2-551D-403C-A05E-E7F1DB329628}.Debug|x64.Build.0 = Debug|Any CPU
		{3651DDD2-551D-403C-A05E-E7F1DB329628}.Debug|x86.ActiveCfg = Debug|Any CPU
		{3651DDD2-551D-403C-A05E-E7F1DB329628}.Debug|x86.Build.0 = Debug|Any CPU
		{3651DDD2-551D-403C-A05E-E7F1DB329628}.Release|Any CPU.ActiveCfg = Release|Any CPU
		{3651DDD2-551D-403C-A05E-E7F1DB329628}.Release|Any CPU.Build.0 = Release|Any CPU
		{3651DDD2-551D-403C-A05E-E7F1DB329628}.Release|x64.ActiveCfg = Release|Any CPU
		{3651DDD2-551D-403C-A05E-E7F1DB329628}.Release|x64.Build.0 = Release|Any CPU
		{3651DDD2-551D-403C-A05E-E7F1DB329628}.Release|x86.ActiveCfg = Release|Any CPU
		{3651DDD2-551D-403C-A05E-E7F1DB329628}.Release|x86.Build.0 = Release|Any CPU
		{82E39C0F-D16A-4C7A-9710-F13136E03CA3}.Debug|Any CPU.ActiveCfg = Debug|Any CPU
		{82E39C0F-D16A-4C7A-9710-F13136E03CA3}.Debug|Any CPU.Build.0 = Debug|Any CPU
		{82E39C0F-D16A-4C7A-9710-F13136E03CA3}.Debug|x64.ActiveCfg = Debug|Any CPU
		{82E39C0F-D16A-4C7A-9710-F13136E03CA3}.Debug|x64.Build.0 = Debug|Any CPU
		{82E39C0F-D16A-4C7A-9710-F13136E03CA3}.Debug|x86.ActiveCfg = Debug|Any CPU
		{82E39C0F-D16A-4C7A-9710-F13136E03CA3}.Debug|x86.Build.0 = Debug|Any CPU
		{82E39C0F-D16A-4C7A-9710-F13136E03CA3}.Release|Any CPU.ActiveCfg = Release|Any CPU
		{82E39C0F-D16A-4C7A-9710-F13136E03CA3}.Release|Any CPU.Build.0 = Release|Any CPU
		{82E39C0F-D16A-4C7A-9710-F13136E03CA3}.Release|x64.ActiveCfg = Release|Any CPU
		{82E39C0F-D16A-4C7A-9710-F13136E03CA3}.Release|x64.Build.0 = Release|Any CPU
		{82E39C0F-D16A-4C7A-9710-F13136E03CA3}.Release|x86.ActiveCfg = Release|Any CPU
		{82E39C0F-D16A-4C7A-9710-F13136E03CA3}.Release|x86.Build.0 = Release|Any CPU
		{8EED6076-BF4B-4E79-BCF8-A10B32995112}.Debug|Any CPU.ActiveCfg = Debug|Any CPU
		{8EED6076-BF4B-4E79-BCF8-A10B32995112}.Debug|Any CPU.Build.0 = Debug|Any CPU
		{8EED6076-BF4B-4E79-BCF8-A10B32995112}.Debug|x64.ActiveCfg = Debug|Any CPU
		{8EED6076-BF4B-4E79-BCF8-A10B32995112}.Debug|x64.Build.0 = Debug|Any CPU
		{8EED6076-BF4B-4E79-BCF8-A10B32995112}.Debug|x86.ActiveCfg = Debug|Any CPU
		{8EED6076-BF4B-4E79-BCF8-A10B32995112}.Debug|x86.Build.0 = Debug|Any CPU
		{8EED6076-BF4B-4E79-BCF8-A10B32995112}.Release|Any CPU.ActiveCfg = Release|Any CPU
		{8EED6076-BF4B-4E79-BCF8-A10B32995112}.Release|Any CPU.Build.0 = Release|Any CPU
		{8EED6076-BF4B-4E79-BCF8-A10B32995112}.Release|x64.ActiveCfg = Release|Any CPU
		{8EED6076-BF4B-4E79-BCF8-A10B32995112}.Release|x64.Build.0 = Release|Any CPU
		{8EED6076-BF4B-4E79-BCF8-A10B32995112}.Release|x86.ActiveCfg = Release|Any CPU
		{8EED6076-BF4B-4E79-BCF8-A10B32995112}.Release|x86.Build.0 = Release|Any CPU
		{DE73940E-16F3-4EDF-AE02-C28938BBBC09}.Debug|Any CPU.ActiveCfg = Debug|Any CPU
		{DE73940E-16F3-4EDF-AE02-C28938BBBC09}.Debug|Any CPU.Build.0 = Debug|Any CPU
		{DE73940E-16F3-4EDF-AE02-C28938BBBC09}.Debug|x64.ActiveCfg = Debug|Any CPU
		{DE73940E-16F3-4EDF-AE02-C28938BBBC09}.Debug|x64.Build.0 = Debug|Any CPU
		{DE73940E-16F3-4EDF-AE02-C28938BBBC09}.Debug|x86.ActiveCfg = Debug|Any CPU
		{DE73940E-16F3-4EDF-AE02-C28938BBBC09}.Debug|x86.Build.0 = Debug|Any CPU
		{DE73940E-16F3-4EDF-AE02-C28938BBBC09}.Release|Any CPU.ActiveCfg = Release|Any CPU
		{DE73940E-16F3-4EDF-AE02-C28938BBBC09}.Release|Any CPU.Build.0 = Release|Any CPU
		{DE73940E-16F3-4EDF-AE02-C28938BBBC09}.Release|x64.ActiveCfg = Release|Any CPU
		{DE73940E-16F3-4EDF-AE02-C28938BBBC09}.Release|x64.Build.0 = Release|Any CPU
		{DE73940E-16F3-4EDF-AE02-C28938BBBC09}.Release|x86.ActiveCfg = Release|Any CPU
		{DE73940E-16F3-4EDF-AE02-C28938BBBC09}.Release|x86.Build.0 = Release|Any CPU
		{096CD0E7-CA4E-485E-BE6F-77F1DBE14614}.Debug|Any CPU.ActiveCfg = Debug|Any CPU
		{096CD0E7-CA4E-485E-BE6F-77F1DBE14614}.Debug|Any CPU.Build.0 = Debug|Any CPU
		{096CD0E7-CA4E-485E-BE6F-77F1DBE14614}.Debug|x64.ActiveCfg = Debug|Any CPU
		{096CD0E7-CA4E-485E-BE6F-77F1DBE14614}.Debug|x64.Build.0 = Debug|Any CPU
		{096CD0E7-CA4E-485E-BE6F-77F1DBE14614}.Debug|x86.ActiveCfg = Debug|Any CPU
		{096CD0E7-CA4E-485E-BE6F-77F1DBE14614}.Debug|x86.Build.0 = Debug|Any CPU
		{096CD0E7-CA4E-485E-BE6F-77F1DBE14614}.Release|Any CPU.ActiveCfg = Release|Any CPU
		{096CD0E7-CA4E-485E-BE6F-77F1DBE14614}.Release|Any CPU.Build.0 = Release|Any CPU
		{096CD0E7-CA4E-485E-BE6F-77F1DBE14614}.Release|x64.ActiveCfg = Release|Any CPU
		{096CD0E7-CA4E-485E-BE6F-77F1DBE14614}.Release|x64.Build.0 = Release|Any CPU
		{096CD0E7-CA4E-485E-BE6F-77F1DBE14614}.Release|x86.ActiveCfg = Release|Any CPU
		{096CD0E7-CA4E-485E-BE6F-77F1DBE14614}.Release|x86.Build.0 = Release|Any CPU
	EndGlobalSection
	GlobalSection(SolutionProperties) = preSolution
		HideSolutionNode = FALSE
	EndGlobalSection
	GlobalSection(NestedProjects) = preSolution
		{AC10B2F6-8B4F-4FBB-8F47-5C897139BC86} = {827E0CD3-B72D-47B6-A68D-7590B98EB39B}
		{ABE4D298-2875-4792-A90E-3C622638A3B6} = {827E0CD3-B72D-47B6-A68D-7590B98EB39B}
		{3651DDD2-551D-403C-A05E-E7F1DB329628} = {827E0CD3-B72D-47B6-A68D-7590B98EB39B}
		{82E39C0F-D16A-4C7A-9710-F13136E03CA3} = {827E0CD3-B72D-47B6-A68D-7590B98EB39B}
		{8EED6076-BF4B-4E79-BCF8-A10B32995112} = {827E0CD3-B72D-47B6-A68D-7590B98EB39B}
		{DE73940E-16F3-4EDF-AE02-C28938BBBC09} = {827E0CD3-B72D-47B6-A68D-7590B98EB39B}
		{096CD0E7-CA4E-485E-BE6F-77F1DBE14614} = {0AB3BF05-4346-4AA6-1389-037BE0695223}
	EndGlobalSection
EndGlobal
